
Microsoft Visual Studio Solution File, Format Version 12.00
# Visual Studio Version 17
VisualStudioVersion = 17.6.33829.357
MinimumVisualStudioVersion = 10.0.40219.1
Project("{FAE04EC0-301F-11D3-BF4B-00C04F79EFBC}") = "paimai3", "paimai3\paimai3.csproj", "{623D480C-D9DE-4B57-8324-0BA41ACC4B69}"
EndProject
Global
	GlobalSection(SolutionConfigurationPlatforms) = preSolution
		Debug|Any CPU = Debug|Any CPU
		Release|Any CPU = Release|Any CPU
	EndGlobalSection
	GlobalSection(ProjectConfigurationPlatforms) = postSolution
		{623D480C-D9DE-4B57-8324-0BA41ACC4B69}.Debug|Any CPU.ActiveCfg = Debug|Any CPU
		{623D480C-D9DE-4B57-8324-0BA41ACC4B69}.Debug|Any CPU.Build.0 = Debug|Any CPU
		{623D480C-D9DE-4B57-8324-0BA41ACC4B69}.Release|Any CPU.ActiveCfg = Release|Any CPU
		{623D480C-D9DE-4B57-8324-0BA41ACC4B69}.Release|Any CPU.Build.0 = Release|Any CPU
	EndGlobalSection
	GlobalSection(SolutionProperties) = preSolution
		HideSolutionNode = FALSE
	EndGlobalSection
	GlobalSection(ExtensibilityGlobals) = postSolution
		SolutionGuid = {3F377DB4-4B8C-493D-9198-7BBB54C24423}
	EndGlobalSection
EndGlobal
